{
  "nodes": {
    "lognix": {
      "locked": {
        "lastModified": 1747797226,
        "narHash": "sha256-rQOp/y+/0PgQ/5VUhGcYk1TvXyHfs/oHgsKr6LbqRcs=",
        "owner": "hydrz",
        "repo": "log.nix",
        "rev": "3e9f2c54b16c357d6b7ce35f8c824cebcf808464",
        "type": "github"
      },
      "original": {
        "owner": "hydrz",
        "repo": "log.nix",
        "type": "github"
      }
    },
    "root": {
      "inputs": {
        "lognix": "lognix"
      }
    }
  },
  "root": "root",
  "version": 7
}
